
Microsoft Visual Studio Solution File, Format Version 12.00
# Visual Studio Version 17
VisualStudioVersion = 17.9.34701.34
MinimumVisualStudioVersion = 10.0.40219.1
Project("{9A19103F-16F7-4668-BE54-9A1E7A4F7556}") = "Valuator", "Valuator.csproj", "{B162E0EF-6832-41CD-A69A-AB30C8C00D85}"
EndProject
Global
	GlobalSection(SolutionConfigurationPlatforms) = preSolution
		Debug|Any CPU = Debug|Any CPU
		Release|Any CPU = Release|Any CPU
	EndGlobalSection
	GlobalSection(ProjectConfigurationPlatforms) = postSolution
		{B162E0EF-6832-41CD-A69A-AB30C8C00D85}.Debug|Any CPU.ActiveCfg = Debug|Any CPU
		{B162E0EF-6832-41CD-A69A-AB30C8C00D85}.Debug|Any CPU.Build.0 = Debug|Any CPU
		{B162E0EF-6832-41CD-A69A-AB30C8C00D85}.Release|Any CPU.ActiveCfg = Release|Any CPU
		{B162E0EF-6832-41CD-A69A-AB30C8C00D85}.Release|Any CPU.Build.0 = Release|Any CPU
	EndGlobalSection
	GlobalSection(SolutionProperties) = preSolution
		HideSolutionNode = FALSE
	EndGlobalSection
	GlobalSection(ExtensibilityGlobals) = postSolution
		SolutionGuid = {8D71A023-7A20-446B-A145-DB521DB9A26F}
	EndGlobalSection
EndGlobal
