
Microsoft Visual Studio Solution File, Format Version 12.00
# Visual Studio Version 17
VisualStudioVersion = 17.9.34701.34
MinimumVisualStudioVersion = 10.0.40219.1
Project("{9A19103F-16F7-4668-BE54-9A1E7A4F7556}") = "RankCalculator", "RankCalculator.csproj", "{59BD9B11-2895-46B8-B9FE-28530236491A}"
EndProject
Global
	GlobalSection(SolutionConfigurationPlatforms) = preSolution
		Debug|Any CPU = Debug|Any CPU
		Release|Any CPU = Release|Any CPU
	EndGlobalSection
	GlobalSection(ProjectConfigurationPlatforms) = postSolution
		{59BD9B11-2895-46B8-B9FE-28530236491A}.Debug|Any CPU.ActiveCfg = Debug|Any CPU
		{59BD9B11-2895-46B8-B9FE-28530236491A}.Debug|Any CPU.Build.0 = Debug|Any CPU
		{59BD9B11-2895-46B8-B9FE-28530236491A}.Release|Any CPU.ActiveCfg = Release|Any CPU
		{59BD9B11-2895-46B8-B9FE-28530236491A}.Release|Any CPU.Build.0 = Release|Any CPU
	EndGlobalSection
	GlobalSection(SolutionProperties) = preSolution
		HideSolutionNode = FALSE
	EndGlobalSection
	GlobalSection(ExtensibilityGlobals) = postSolution
		SolutionGuid = {707DD256-2710-48A7-A9E5-86D0C57057B3}
	EndGlobalSection
EndGlobal
