
Microsoft Visual Studio Solution File, Format Version 12.00
# Visual Studio Version 17
VisualStudioVersion = 17.9.34701.34
MinimumVisualStudioVersion = 10.0.40219.1
Project("{9A19103F-16F7-4668-BE54-9A1E7A4F7556}") = "EventsLogger", "EventsLogger.csproj", "{05DA82EC-1E4D-4374-B402-E1B93B45DABA}"
EndProject
Global
	GlobalSection(SolutionConfigurationPlatforms) = preSolution
		Debug|Any CPU = Debug|Any CPU
		Release|Any CPU = Release|Any CPU
	EndGlobalSection
	GlobalSection(ProjectConfigurationPlatforms) = postSolution
		{05DA82EC-1E4D-4374-B402-E1B93B45DABA}.Debug|Any CPU.ActiveCfg = Debug|Any CPU
		{05DA82EC-1E4D-4374-B402-E1B93B45DABA}.Debug|Any CPU.Build.0 = Debug|Any CPU
		{05DA82EC-1E4D-4374-B402-E1B93B45DABA}.Release|Any CPU.ActiveCfg = Release|Any CPU
		{05DA82EC-1E4D-4374-B402-E1B93B45DABA}.Release|Any CPU.Build.0 = Release|Any CPU
	EndGlobalSection
	GlobalSection(SolutionProperties) = preSolution
		HideSolutionNode = FALSE
	EndGlobalSection
	GlobalSection(ExtensibilityGlobals) = postSolution
		SolutionGuid = {D02FEC45-2703-45E2-9532-17E8E5B4CBAA}
	EndGlobalSection
EndGlobal
